
Microsoft Visual Studio Solution File, Format Version 12.00
# Visual Studio 15
VisualStudioVersion = 15.0.27703.2047
MinimumVisualStudioVersion = 10.0.40219.1
Project("{FAE04EC0-301F-11D3-BF4B-00C04F79EFBC}") = "CentralitaHerencia", "CentralitaHerencia\CentralitaHerencia.csproj", "{D301C00C-EE6F-4893-B33E-45EDB64BF549}"
EndProject
Project("{FAE04EC0-301F-11D3-BF4B-00C04F79EFBC}") = "CentralTelefonicaForm", "CentralTelefonicaForm\CentralTelefonicaForm.csproj", "{324D5D6E-3EFE-4981-B86F-1AFCB6F7BC9A}"
EndProject
Global
	GlobalSection(SolutionConfigurationPlatforms) = preSolution
		Debug|Any CPU = Debug|Any CPU
		Release|Any CPU = Release|Any CPU
	EndGlobalSection
	GlobalSection(ProjectConfigurationPlatforms) = postSolution
		{D301C00C-EE6F-4893-B33E-45EDB64BF549}.Debug|Any CPU.ActiveCfg = Debug|Any CPU
		{D301C00C-EE6F-4893-B33E-45EDB64BF549}.Debug|Any CPU.Build.0 = Debug|Any CPU
		{D301C00C-EE6F-4893-B33E-45EDB64BF549}.Release|Any CPU.ActiveCfg = Release|Any CPU
		{D301C00C-EE6F-4893-B33E-45EDB64BF549}.Release|Any CPU.Build.0 = Release|Any CPU
		{324D5D6E-3EFE-4981-B86F-1AFCB6F7BC9A}.Debug|Any CPU.ActiveCfg = Debug|Any CPU
		{324D5D6E-3EFE-4981-B86F-1AFCB6F7BC9A}.Debug|Any CPU.Build.0 = Debug|Any CPU
		{324D5D6E-3EFE-4981-B86F-1AFCB6F7BC9A}.Release|Any CPU.ActiveCfg = Release|Any CPU
		{324D5D6E-3EFE-4981-B86F-1AFCB6F7BC9A}.Release|Any CPU.Build.0 = Release|Any CPU
	EndGlobalSection
	GlobalSection(SolutionProperties) = preSolution
		HideSolutionNode = FALSE
	EndGlobalSection
	GlobalSection(ExtensibilityGlobals) = postSolution
		SolutionGuid = {EA07FBF1-1ADD-4835-9DA8-820F7599B2A0}
	EndGlobalSection
EndGlobal
