
Microsoft Visual Studio Solution File, Format Version 12.00
# Visual Studio 15
VisualStudioVersion = 15.0.27703.2047
MinimumVisualStudioVersion = 10.0.40219.1
Project("{FAE04EC0-301F-11D3-BF4B-00C04F79EFBC}") = "Repaso", "Repaso\Repaso.csproj", "{AB94BE02-AEA4-4DB2-A15F-F3AECBC22357}"
EndProject
Project("{FAE04EC0-301F-11D3-BF4B-00C04F79EFBC}") = "Entidades", "Entidades\Entidades.csproj", "{01578913-AA38-4F4D-AFE4-5199FF2A0361}"
EndProject
Global
	GlobalSection(SolutionConfigurationPlatforms) = preSolution
		Debug|Any CPU = Debug|Any CPU
		Release|Any CPU = Release|Any CPU
	EndGlobalSection
	GlobalSection(ProjectConfigurationPlatforms) = postSolution
		{AB94BE02-AEA4-4DB2-A15F-F3AECBC22357}.Debug|Any CPU.ActiveCfg = Debug|Any CPU
		{AB94BE02-AEA4-4DB2-A15F-F3AECBC22357}.Debug|Any CPU.Build.0 = Debug|Any CPU
		{AB94BE02-AEA4-4DB2-A15F-F3AECBC22357}.Release|Any CPU.ActiveCfg = Release|Any CPU
		{AB94BE02-AEA4-4DB2-A15F-F3AECBC22357}.Release|Any CPU.Build.0 = Release|Any CPU
		{01578913-AA38-4F4D-AFE4-5199FF2A0361}.Debug|Any CPU.ActiveCfg = Debug|Any CPU
		{01578913-AA38-4F4D-AFE4-5199FF2A0361}.Debug|Any CPU.Build.0 = Debug|Any CPU
		{01578913-AA38-4F4D-AFE4-5199FF2A0361}.Release|Any CPU.ActiveCfg = Release|Any CPU
		{01578913-AA38-4F4D-AFE4-5199FF2A0361}.Release|Any CPU.Build.0 = Release|Any CPU
	EndGlobalSection
	GlobalSection(SolutionProperties) = preSolution
		HideSolutionNode = FALSE
	EndGlobalSection
	GlobalSection(ExtensibilityGlobals) = postSolution
		SolutionGuid = {87C967C4-C1B1-496B-90FA-A05340A9C9C4}
	EndGlobalSection
EndGlobal
