
Microsoft Visual Studio Solution File, Format Version 12.00
# Visual Studio 15
VisualStudioVersion = 15.0.27703.2047
MinimumVisualStudioVersion = 10.0.40219.1
Project("{FAE04EC0-301F-11D3-BF4B-00C04F79EFBC}") = "Ejercicio31", "Ejercicio31\Ejercicio31.csproj", "{D6562534-1DA9-4196-A9E3-F2BC95F46D8D}"
EndProject
Project("{FAE04EC0-301F-11D3-BF4B-00C04F79EFBC}") = "Entidades", "Entidades\Entidades.csproj", "{6F9B570A-CD29-4D0D-9AA4-80660E8B9871}"
EndProject
Global
	GlobalSection(SolutionConfigurationPlatforms) = preSolution
		Debug|Any CPU = Debug|Any CPU
		Release|Any CPU = Release|Any CPU
	EndGlobalSection
	GlobalSection(ProjectConfigurationPlatforms) = postSolution
		{D6562534-1DA9-4196-A9E3-F2BC95F46D8D}.Debug|Any CPU.ActiveCfg = Debug|Any CPU
		{D6562534-1DA9-4196-A9E3-F2BC95F46D8D}.Debug|Any CPU.Build.0 = Debug|Any CPU
		{D6562534-1DA9-4196-A9E3-F2BC95F46D8D}.Release|Any CPU.ActiveCfg = Release|Any CPU
		{D6562534-1DA9-4196-A9E3-F2BC95F46D8D}.Release|Any CPU.Build.0 = Release|Any CPU
		{6F9B570A-CD29-4D0D-9AA4-80660E8B9871}.Debug|Any CPU.ActiveCfg = Debug|Any CPU
		{6F9B570A-CD29-4D0D-9AA4-80660E8B9871}.Debug|Any CPU.Build.0 = Debug|Any CPU
		{6F9B570A-CD29-4D0D-9AA4-80660E8B9871}.Release|Any CPU.ActiveCfg = Release|Any CPU
		{6F9B570A-CD29-4D0D-9AA4-80660E8B9871}.Release|Any CPU.Build.0 = Release|Any CPU
	EndGlobalSection
	GlobalSection(SolutionProperties) = preSolution
		HideSolutionNode = FALSE
	EndGlobalSection
	GlobalSection(ExtensibilityGlobals) = postSolution
		SolutionGuid = {2C0B1022-8199-4435-B756-A39437C2D511}
	EndGlobalSection
EndGlobal
