
Microsoft Visual Studio Solution File, Format Version 12.00
# Visual Studio Version 16
VisualStudioVersion = 16.0.29215.179
MinimumVisualStudioVersion = 10.0.40219.1
Project("{FAE04EC0-301F-11D3-BF4B-00C04F79EFBC}") = "Ejercicio23", "Ejercicio23\Ejercicio23.csproj", "{0A07F3F9-892D-4F03-A5AD-8B99C9354AA3}"
EndProject
Project("{FAE04EC0-301F-11D3-BF4B-00C04F79EFBC}") = "Billetes", "Moneda\Billetes.csproj", "{980BBF45-F26A-4C88-8FCF-8DFC90C2127E}"
EndProject
Project("{FAE04EC0-301F-11D3-BF4B-00C04F79EFBC}") = "FormularioWF", "FormularioWF\FormularioWF.csproj", "{1857B1AF-F7D7-49BC-9F15-734E8BE0992F}"
EndProject
Global
	GlobalSection(SolutionConfigurationPlatforms) = preSolution
		Debug|Any CPU = Debug|Any CPU
		Release|Any CPU = Release|Any CPU
	EndGlobalSection
	GlobalSection(ProjectConfigurationPlatforms) = postSolution
		{0A07F3F9-892D-4F03-A5AD-8B99C9354AA3}.Debug|Any CPU.ActiveCfg = Debug|Any CPU
		{0A07F3F9-892D-4F03-A5AD-8B99C9354AA3}.Debug|Any CPU.Build.0 = Debug|Any CPU
		{0A07F3F9-892D-4F03-A5AD-8B99C9354AA3}.Release|Any CPU.ActiveCfg = Release|Any CPU
		{0A07F3F9-892D-4F03-A5AD-8B99C9354AA3}.Release|Any CPU.Build.0 = Release|Any CPU
		{980BBF45-F26A-4C88-8FCF-8DFC90C2127E}.Debug|Any CPU.ActiveCfg = Debug|Any CPU
		{980BBF45-F26A-4C88-8FCF-8DFC90C2127E}.Debug|Any CPU.Build.0 = Debug|Any CPU
		{980BBF45-F26A-4C88-8FCF-8DFC90C2127E}.Release|Any CPU.ActiveCfg = Release|Any CPU
		{980BBF45-F26A-4C88-8FCF-8DFC90C2127E}.Release|Any CPU.Build.0 = Release|Any CPU
		{1857B1AF-F7D7-49BC-9F15-734E8BE0992F}.Debug|Any CPU.ActiveCfg = Debug|Any CPU
		{1857B1AF-F7D7-49BC-9F15-734E8BE0992F}.Debug|Any CPU.Build.0 = Debug|Any CPU
		{1857B1AF-F7D7-49BC-9F15-734E8BE0992F}.Release|Any CPU.ActiveCfg = Release|Any CPU
		{1857B1AF-F7D7-49BC-9F15-734E8BE0992F}.Release|Any CPU.Build.0 = Release|Any CPU
	EndGlobalSection
	GlobalSection(SolutionProperties) = preSolution
		HideSolutionNode = FALSE
	EndGlobalSection
	GlobalSection(ExtensibilityGlobals) = postSolution
		SolutionGuid = {D335FD21-5847-434C-9A2A-1AB1AFF1C08E}
	EndGlobalSection
EndGlobal
