
Microsoft Visual Studio Solution File, Format Version 12.00
# Visual Studio 15
VisualStudioVersion = 15.0.27703.2047
MinimumVisualStudioVersion = 10.0.40219.1
Project("{FAE04EC0-301F-11D3-BF4B-00C04F79EFBC}") = "Ejercicio56", "Ejercicio56\Ejercicio56.csproj", "{84A72CDA-2217-4759-B927-AD75FF816D37}"
EndProject
Global
	GlobalSection(SolutionConfigurationPlatforms) = preSolution
		Debug|Any CPU = Debug|Any CPU
		Release|Any CPU = Release|Any CPU
	EndGlobalSection
	GlobalSection(ProjectConfigurationPlatforms) = postSolution
		{84A72CDA-2217-4759-B927-AD75FF816D37}.Debug|Any CPU.ActiveCfg = Debug|Any CPU
		{84A72CDA-2217-4759-B927-AD75FF816D37}.Debug|Any CPU.Build.0 = Debug|Any CPU
		{84A72CDA-2217-4759-B927-AD75FF816D37}.Release|Any CPU.ActiveCfg = Release|Any CPU
		{84A72CDA-2217-4759-B927-AD75FF816D37}.Release|Any CPU.Build.0 = Release|Any CPU
	EndGlobalSection
	GlobalSection(SolutionProperties) = preSolution
		HideSolutionNode = FALSE
	EndGlobalSection
	GlobalSection(ExtensibilityGlobals) = postSolution
		SolutionGuid = {C79C02ED-2FF3-4EC3-9ABA-F9ED13B61DDC}
	EndGlobalSection
EndGlobal
