
Microsoft Visual Studio Solution File, Format Version 12.00
# Visual Studio 15
VisualStudioVersion = 15.0.27703.2047
MinimumVisualStudioVersion = 10.0.40219.1
Project("{FAE04EC0-301F-11D3-BF4B-00C04F79EFBC}") = "Ejercicio", "Ejercicio\Ejercicio.csproj", "{251A1F03-5536-40EB-A20D-4B7A93B11416}"
EndProject
Project("{FAE04EC0-301F-11D3-BF4B-00C04F79EFBC}") = "Entidades", "Entidades\Entidades.csproj", "{A8F02B50-8917-4649-8806-9FB8EF4E134D}"
EndProject
Global
	GlobalSection(SolutionConfigurationPlatforms) = preSolution
		Debug|Any CPU = Debug|Any CPU
		Release|Any CPU = Release|Any CPU
	EndGlobalSection
	GlobalSection(ProjectConfigurationPlatforms) = postSolution
		{251A1F03-5536-40EB-A20D-4B7A93B11416}.Debug|Any CPU.ActiveCfg = Debug|Any CPU
		{251A1F03-5536-40EB-A20D-4B7A93B11416}.Debug|Any CPU.Build.0 = Debug|Any CPU
		{251A1F03-5536-40EB-A20D-4B7A93B11416}.Release|Any CPU.ActiveCfg = Release|Any CPU
		{251A1F03-5536-40EB-A20D-4B7A93B11416}.Release|Any CPU.Build.0 = Release|Any CPU
		{A8F02B50-8917-4649-8806-9FB8EF4E134D}.Debug|Any CPU.ActiveCfg = Debug|Any CPU
		{A8F02B50-8917-4649-8806-9FB8EF4E134D}.Debug|Any CPU.Build.0 = Debug|Any CPU
		{A8F02B50-8917-4649-8806-9FB8EF4E134D}.Release|Any CPU.ActiveCfg = Release|Any CPU
		{A8F02B50-8917-4649-8806-9FB8EF4E134D}.Release|Any CPU.Build.0 = Release|Any CPU
	EndGlobalSection
	GlobalSection(SolutionProperties) = preSolution
		HideSolutionNode = FALSE
	EndGlobalSection
	GlobalSection(ExtensibilityGlobals) = postSolution
		SolutionGuid = {FDF5CA6B-00BD-427D-B58D-535FD5771473}
	EndGlobalSection
EndGlobal
