
Microsoft Visual Studio Solution File, Format Version 12.00
# Visual Studio 15
VisualStudioVersion = 15.0.27703.2047
MinimumVisualStudioVersion = 10.0.40219.1
Project("{FAE04EC0-301F-11D3-BF4B-00C04F79EFBC}") = "Ejercicio11", "Ejercicio11\Ejercicio11.csproj", "{47105B58-978C-40E3-92AA-BA7E54A543A5}"
EndProject
Global
	GlobalSection(SolutionConfigurationPlatforms) = preSolution
		Debug|Any CPU = Debug|Any CPU
		Release|Any CPU = Release|Any CPU
	EndGlobalSection
	GlobalSection(ProjectConfigurationPlatforms) = postSolution
		{47105B58-978C-40E3-92AA-BA7E54A543A5}.Debug|Any CPU.ActiveCfg = Debug|Any CPU
		{47105B58-978C-40E3-92AA-BA7E54A543A5}.Debug|Any CPU.Build.0 = Debug|Any CPU
		{47105B58-978C-40E3-92AA-BA7E54A543A5}.Release|Any CPU.ActiveCfg = Release|Any CPU
		{47105B58-978C-40E3-92AA-BA7E54A543A5}.Release|Any CPU.Build.0 = Release|Any CPU
	EndGlobalSection
	GlobalSection(SolutionProperties) = preSolution
		HideSolutionNode = FALSE
	EndGlobalSection
	GlobalSection(ExtensibilityGlobals) = postSolution
		SolutionGuid = {CD8DFF8C-E47C-4503-BDD6-C26460276FD7}
	EndGlobalSection
EndGlobal
