
Microsoft Visual Studio Solution File, Format Version 12.00
# Visual Studio Version 16
VisualStudioVersion = 16.0.29215.179
MinimumVisualStudioVersion = 10.0.40219.1
Project("{FAE04EC0-301F-11D3-BF4B-00C04F79EFBC}") = "Ejercicio33", "Ejercicio33\Ejercicio33.csproj", "{E1F38C5E-5FE5-43CC-B88C-5C9754CDBE9B}"
EndProject
Global
	GlobalSection(SolutionConfigurationPlatforms) = preSolution
		Debug|Any CPU = Debug|Any CPU
		Release|Any CPU = Release|Any CPU
	EndGlobalSection
	GlobalSection(ProjectConfigurationPlatforms) = postSolution
		{E1F38C5E-5FE5-43CC-B88C-5C9754CDBE9B}.Debug|Any CPU.ActiveCfg = Debug|Any CPU
		{E1F38C5E-5FE5-43CC-B88C-5C9754CDBE9B}.Debug|Any CPU.Build.0 = Debug|Any CPU
		{E1F38C5E-5FE5-43CC-B88C-5C9754CDBE9B}.Release|Any CPU.ActiveCfg = Release|Any CPU
		{E1F38C5E-5FE5-43CC-B88C-5C9754CDBE9B}.Release|Any CPU.Build.0 = Release|Any CPU
	EndGlobalSection
	GlobalSection(SolutionProperties) = preSolution
		HideSolutionNode = FALSE
	EndGlobalSection
	GlobalSection(ExtensibilityGlobals) = postSolution
		SolutionGuid = {9D98760A-BDBA-4E6C-A82A-B59ADC0FDDCE}
	EndGlobalSection
EndGlobal
