
Microsoft Visual Studio Solution File, Format Version 12.00
# Visual Studio 15
VisualStudioVersion = 15.0.27703.2047
MinimumVisualStudioVersion = 10.0.40219.1
Project("{FAE04EC0-301F-11D3-BF4B-00C04F79EFBC}") = "Ejercicio01", "Ejercicio01\Ejercicio01.csproj", "{3230B9D0-76E3-4AF5-94E9-ABBCF3D4D089}"
EndProject
Global
	GlobalSection(SolutionConfigurationPlatforms) = preSolution
		Debug|Any CPU = Debug|Any CPU
		Release|Any CPU = Release|Any CPU
	EndGlobalSection
	GlobalSection(ProjectConfigurationPlatforms) = postSolution
		{3230B9D0-76E3-4AF5-94E9-ABBCF3D4D089}.Debug|Any CPU.ActiveCfg = Debug|Any CPU
		{3230B9D0-76E3-4AF5-94E9-ABBCF3D4D089}.Debug|Any CPU.Build.0 = Debug|Any CPU
		{3230B9D0-76E3-4AF5-94E9-ABBCF3D4D089}.Release|Any CPU.ActiveCfg = Release|Any CPU
		{3230B9D0-76E3-4AF5-94E9-ABBCF3D4D089}.Release|Any CPU.Build.0 = Release|Any CPU
	EndGlobalSection
	GlobalSection(SolutionProperties) = preSolution
		HideSolutionNode = FALSE
	EndGlobalSection
	GlobalSection(ExtensibilityGlobals) = postSolution
		SolutionGuid = {9A63CEB5-F3B3-4F13-A3DB-AC2CBEC09F37}
	EndGlobalSection
EndGlobal
